
Microsoft Visual Studio Solution File, Format Version 12.00
# Visual Studio 15
VisualStudioVersion = 15.0.27004.2009
MinimumVisualStudioVersion = 10.0.40219.1
Project("{FAE04EC0-301F-11D3-BF4B-00C04F79EFBC}") = "01-SayHello", "01-SayHello\01-SayHello.csproj", "{97E42821-6436-4695-BC5D-3BBC1D5C09DA}"
EndProject
Project("{FAE04EC0-301F-11D3-BF4B-00C04F79EFBC}") = "02-GetLargestNumber", "02-GetLargestNumber\02-GetLargestNumber.csproj", "{B0060560-9187-4C9C-BB69-10272E7E659E}"
EndProject
Project("{FAE04EC0-301F-11D3-BF4B-00C04F79EFBC}") = "03-EnglishDigit", "03-EnglishDigit\03-EnglishDigit.csproj", "{F78BB31D-ECB6-404D-A869-87E6FEF369E3}"
EndProject
Project("{FAE04EC0-301F-11D3-BF4B-00C04F79EFBC}") = "04-AppearanceCount", "04-AppearanceCount\04-AppearanceCount.csproj", "{F775F1E9-B18C-4F23-B0AF-1FFCEA13A0DC}"
EndProject
Project("{FAE04EC0-301F-11D3-BF4B-00C04F79EFBC}") = "05-LargestThanNeighbours", "05-LargestThanNeighbours\05-LargestThanNeighbours.csproj", "{169AA5E6-FFC8-4322-95AC-2A4259AC5779}"
EndProject
Project("{FAE04EC0-301F-11D3-BF4B-00C04F79EFBC}") = "06-FirstLargerThanNeighbours", "06-FirstLargerThanNeighbours\06-FirstLargerThanNeighbours.csproj", "{EC3108C9-B216-4D18-9B43-0B587AA9A403}"
EndProject
Project("{FAE04EC0-301F-11D3-BF4B-00C04F79EFBC}") = "07-ReverseNumber", "07-ReverseNumber\07-ReverseNumber.csproj", "{DA9F8BBC-0E7B-42DE-9D7B-92C297572B53}"
EndProject
Project("{FAE04EC0-301F-11D3-BF4B-00C04F79EFBC}") = "08-NumberAsArray", "08-NumberAsArray\08-NumberAsArray.csproj", "{D61F722D-DABC-433A-A881-C660B74EE06C}"
EndProject
Project("{FAE04EC0-301F-11D3-BF4B-00C04F79EFBC}") = "09-SortingArray", "09-SortingArray\09-SortingArray.csproj", "{CD750FC4-4D9F-47C0-B53B-8A313E343109}"
EndProject
Project("{FAE04EC0-301F-11D3-BF4B-00C04F79EFBC}") = "10-NFactorial", "10-NFactorial\10-NFactorial.csproj", "{30B53AE5-882C-41D5-9C77-88D9232AFE0E}"
EndProject
Project("{FAE04EC0-301F-11D3-BF4B-00C04F79EFBC}") = "11-AddingPolynomials", "11-AddingPolynomials\11-AddingPolynomials.csproj", "{2A0AAF4F-9EB7-4595-9EE6-101B9175E799}"
EndProject
Global
	GlobalSection(SolutionConfigurationPlatforms) = preSolution
		Debug|Any CPU = Debug|Any CPU
		Release|Any CPU = Release|Any CPU
	EndGlobalSection
	GlobalSection(ProjectConfigurationPlatforms) = postSolution
		{97E42821-6436-4695-BC5D-3BBC1D5C09DA}.Debug|Any CPU.ActiveCfg = Debug|Any CPU
		{97E42821-6436-4695-BC5D-3BBC1D5C09DA}.Debug|Any CPU.Build.0 = Debug|Any CPU
		{97E42821-6436-4695-BC5D-3BBC1D5C09DA}.Release|Any CPU.ActiveCfg = Release|Any CPU
		{97E42821-6436-4695-BC5D-3BBC1D5C09DA}.Release|Any CPU.Build.0 = Release|Any CPU
		{B0060560-9187-4C9C-BB69-10272E7E659E}.Debug|Any CPU.ActiveCfg = Debug|Any CPU
		{B0060560-9187-4C9C-BB69-10272E7E659E}.Debug|Any CPU.Build.0 = Debug|Any CPU
		{B0060560-9187-4C9C-BB69-10272E7E659E}.Release|Any CPU.ActiveCfg = Release|Any CPU
		{B0060560-9187-4C9C-BB69-10272E7E659E}.Release|Any CPU.Build.0 = Release|Any CPU
		{F78BB31D-ECB6-404D-A869-87E6FEF369E3}.Debug|Any CPU.ActiveCfg = Debug|Any CPU
		{F78BB31D-ECB6-404D-A869-87E6FEF369E3}.Debug|Any CPU.Build.0 = Debug|Any CPU
		{F78BB31D-ECB6-404D-A869-87E6FEF369E3}.Release|Any CPU.ActiveCfg = Release|Any CPU
		{F78BB31D-ECB6-404D-A869-87E6FEF369E3}.Release|Any CPU.Build.0 = Release|Any CPU
		{F775F1E9-B18C-4F23-B0AF-1FFCEA13A0DC}.Debug|Any CPU.ActiveCfg = Debug|Any CPU
		{F775F1E9-B18C-4F23-B0AF-1FFCEA13A0DC}.Debug|Any CPU.Build.0 = Debug|Any CPU
		{F775F1E9-B18C-4F23-B0AF-1FFCEA13A0DC}.Release|Any CPU.ActiveCfg = Release|Any CPU
		{F775F1E9-B18C-4F23-B0AF-1FFCEA13A0DC}.Release|Any CPU.Build.0 = Release|Any CPU
		{169AA5E6-FFC8-4322-95AC-2A4259AC5779}.Debug|Any CPU.ActiveCfg = Debug|Any CPU
		{169AA5E6-FFC8-4322-95AC-2A4259AC5779}.Debug|Any CPU.Build.0 = Debug|Any CPU
		{169AA5E6-FFC8-4322-95AC-2A4259AC5779}.Release|Any CPU.ActiveCfg = Release|Any CPU
		{169AA5E6-FFC8-4322-95AC-2A4259AC5779}.Release|Any CPU.Build.0 = Release|Any CPU
		{EC3108C9-B216-4D18-9B43-0B587AA9A403}.Debug|Any CPU.ActiveCfg = Debug|Any CPU
		{EC3108C9-B216-4D18-9B43-0B587AA9A403}.Debug|Any CPU.Build.0 = Debug|Any CPU
		{EC3108C9-B216-4D18-9B43-0B587AA9A403}.Release|Any CPU.ActiveCfg = Release|Any CPU
		{EC3108C9-B216-4D18-9B43-0B587AA9A403}.Release|Any CPU.Build.0 = Release|Any CPU
		{DA9F8BBC-0E7B-42DE-9D7B-92C297572B53}.Debug|Any CPU.ActiveCfg = Debug|Any CPU
		{DA9F8BBC-0E7B-42DE-9D7B-92C297572B53}.Debug|Any CPU.Build.0 = Debug|Any CPU
		{DA9F8BBC-0E7B-42DE-9D7B-92C297572B53}.Release|Any CPU.ActiveCfg = Release|Any CPU
		{DA9F8BBC-0E7B-42DE-9D7B-92C297572B53}.Release|Any CPU.Build.0 = Release|Any CPU
		{D61F722D-DABC-433A-A881-C660B74EE06C}.Debug|Any CPU.ActiveCfg = Debug|Any CPU
		{D61F722D-DABC-433A-A881-C660B74EE06C}.Debug|Any CPU.Build.0 = Debug|Any CPU
		{D61F722D-DABC-433A-A881-C660B74EE06C}.Release|Any CPU.ActiveCfg = Release|Any CPU
		{D61F722D-DABC-433A-A881-C660B74EE06C}.Release|Any CPU.Build.0 = Release|Any CPU
		{CD750FC4-4D9F-47C0-B53B-8A313E343109}.Debug|Any CPU.ActiveCfg = Debug|Any CPU
		{CD750FC4-4D9F-47C0-B53B-8A313E343109}.Debug|Any CPU.Build.0 = Debug|Any CPU
		{CD750FC4-4D9F-47C0-B53B-8A313E343109}.Release|Any CPU.ActiveCfg = Release|Any CPU
		{CD750FC4-4D9F-47C0-B53B-8A313E343109}.Release|Any CPU.Build.0 = Release|Any CPU
		{30B53AE5-882C-41D5-9C77-88D9232AFE0E}.Debug|Any CPU.ActiveCfg = Debug|Any CPU
		{30B53AE5-882C-41D5-9C77-88D9232AFE0E}.Debug|Any CPU.Build.0 = Debug|Any CPU
		{30B53AE5-882C-41D5-9C77-88D9232AFE0E}.Release|Any CPU.ActiveCfg = Release|Any CPU
		{30B53AE5-882C-41D5-9C77-88D9232AFE0E}.Release|Any CPU.Build.0 = Release|Any CPU
		{2A0AAF4F-9EB7-4595-9EE6-101B9175E799}.Debug|Any CPU.ActiveCfg = Debug|Any CPU
		{2A0AAF4F-9EB7-4595-9EE6-101B9175E799}.Debug|Any CPU.Build.0 = Debug|Any CPU
		{2A0AAF4F-9EB7-4595-9EE6-101B9175E799}.Release|Any CPU.ActiveCfg = Release|Any CPU
		{2A0AAF4F-9EB7-4595-9EE6-101B9175E799}.Release|Any CPU.Build.0 = Release|Any CPU
	EndGlobalSection
	GlobalSection(SolutionProperties) = preSolution
		HideSolutionNode = FALSE
	EndGlobalSection
	GlobalSection(ExtensibilityGlobals) = postSolution
		SolutionGuid = {52B4E600-A4C3-4E33-8357-66B884E862D9}
	EndGlobalSection
EndGlobal
