
Microsoft Visual Studio Solution File, Format Version 12.00
# Visual Studio 15
VisualStudioVersion = 15.0.27130.2010
MinimumVisualStudioVersion = 10.0.40219.1
Project("{FAE04EC0-301F-11D3-BF4B-00C04F79EFBC}") = "03-Recursion", "03-Recursion\03-Recursion.csproj", "{5A58A22E-EC80-4A37-A4D7-E0B56029BE53}"
EndProject
Global
	GlobalSection(SolutionConfigurationPlatforms) = preSolution
		Debug|Any CPU = Debug|Any CPU
		Release|Any CPU = Release|Any CPU
	EndGlobalSection
	GlobalSection(ProjectConfigurationPlatforms) = postSolution
		{5A58A22E-EC80-4A37-A4D7-E0B56029BE53}.Debug|Any CPU.ActiveCfg = Debug|Any CPU
		{5A58A22E-EC80-4A37-A4D7-E0B56029BE53}.Debug|Any CPU.Build.0 = Debug|Any CPU
		{5A58A22E-EC80-4A37-A4D7-E0B56029BE53}.Release|Any CPU.ActiveCfg = Release|Any CPU
		{5A58A22E-EC80-4A37-A4D7-E0B56029BE53}.Release|Any CPU.Build.0 = Release|Any CPU
	EndGlobalSection
	GlobalSection(SolutionProperties) = preSolution
		HideSolutionNode = FALSE
	EndGlobalSection
	GlobalSection(ExtensibilityGlobals) = postSolution
		SolutionGuid = {6BDF51B4-DC01-4709-B6F6-973AE79C7D3A}
	EndGlobalSection
EndGlobal
