
Microsoft Visual Studio Solution File, Format Version 12.00
# Visual Studio 15
VisualStudioVersion = 15.0.27004.2010
MinimumVisualStudioVersion = 10.0.40219.1
Project("{FAE04EC0-301F-11D3-BF4B-00C04F79EFBC}") = "01-DefineClass", "01-DefineClass\01-DefineClass.csproj", "{D2763B34-F612-4E3E-9AED-CA0659638419}"
EndProject
Global
	GlobalSection(SolutionConfigurationPlatforms) = preSolution
		Debug|Any CPU = Debug|Any CPU
		Release|Any CPU = Release|Any CPU
	EndGlobalSection
	GlobalSection(ProjectConfigurationPlatforms) = postSolution
		{D2763B34-F612-4E3E-9AED-CA0659638419}.Debug|Any CPU.ActiveCfg = Debug|Any CPU
		{D2763B34-F612-4E3E-9AED-CA0659638419}.Debug|Any CPU.Build.0 = Debug|Any CPU
		{D2763B34-F612-4E3E-9AED-CA0659638419}.Release|Any CPU.ActiveCfg = Release|Any CPU
		{D2763B34-F612-4E3E-9AED-CA0659638419}.Release|Any CPU.Build.0 = Release|Any CPU
	EndGlobalSection
	GlobalSection(SolutionProperties) = preSolution
		HideSolutionNode = FALSE
	EndGlobalSection
	GlobalSection(ExtensibilityGlobals) = postSolution
		SolutionGuid = {1F4FA8D2-A2DA-4D07-83AB-8C4148DF0EE5}
	EndGlobalSection
EndGlobal
