
Microsoft Visual Studio Solution File, Format Version 12.00
# Visual Studio 15
VisualStudioVersion = 15.0.27004.2009
MinimumVisualStudioVersion = 10.0.40219.1
Project("{FAE04EC0-301F-11D3-BF4B-00C04F79EFBC}") = "01-SecretNumeralSystem", "01-SecretNumeralSystem\01-SecretNumeralSystem.csproj", "{11BD8E62-CC44-4287-B873-F6E2B229C3F0}"
EndProject
Project("{FAE04EC0-301F-11D3-BF4B-00C04F79EFBC}") = "02-Cards", "02-Cards\02-Cards.csproj", "{9B2D5AA1-7096-4304-89AC-8347FF57A723}"
EndProject
Project("{FAE04EC0-301F-11D3-BF4B-00C04F79EFBC}") = "03-SneakyTheSnake", "03-SneakyTheSnake\03-SneakyTheSnake.csproj", "{3E31BB37-7BF3-4A50-9E0A-BD5FCEB011EA}"
EndProject
Project("{FAE04EC0-301F-11D3-BF4B-00C04F79EFBC}") = "04-GoshoCode", "04-GoshoCode\04-GoshoCode.csproj", "{6A3E33FB-9D75-42CD-8E6D-C3F57568E66E}"
EndProject
Global
	GlobalSection(SolutionConfigurationPlatforms) = preSolution
		Debug|Any CPU = Debug|Any CPU
		Release|Any CPU = Release|Any CPU
	EndGlobalSection
	GlobalSection(ProjectConfigurationPlatforms) = postSolution
		{11BD8E62-CC44-4287-B873-F6E2B229C3F0}.Debug|Any CPU.ActiveCfg = Debug|Any CPU
		{11BD8E62-CC44-4287-B873-F6E2B229C3F0}.Debug|Any CPU.Build.0 = Debug|Any CPU
		{11BD8E62-CC44-4287-B873-F6E2B229C3F0}.Release|Any CPU.ActiveCfg = Release|Any CPU
		{11BD8E62-CC44-4287-B873-F6E2B229C3F0}.Release|Any CPU.Build.0 = Release|Any CPU
		{9B2D5AA1-7096-4304-89AC-8347FF57A723}.Debug|Any CPU.ActiveCfg = Debug|Any CPU
		{9B2D5AA1-7096-4304-89AC-8347FF57A723}.Debug|Any CPU.Build.0 = Debug|Any CPU
		{9B2D5AA1-7096-4304-89AC-8347FF57A723}.Release|Any CPU.ActiveCfg = Release|Any CPU
		{9B2D5AA1-7096-4304-89AC-8347FF57A723}.Release|Any CPU.Build.0 = Release|Any CPU
		{3E31BB37-7BF3-4A50-9E0A-BD5FCEB011EA}.Debug|Any CPU.ActiveCfg = Debug|Any CPU
		{3E31BB37-7BF3-4A50-9E0A-BD5FCEB011EA}.Debug|Any CPU.Build.0 = Debug|Any CPU
		{3E31BB37-7BF3-4A50-9E0A-BD5FCEB011EA}.Release|Any CPU.ActiveCfg = Release|Any CPU
		{3E31BB37-7BF3-4A50-9E0A-BD5FCEB011EA}.Release|Any CPU.Build.0 = Release|Any CPU
		{6A3E33FB-9D75-42CD-8E6D-C3F57568E66E}.Debug|Any CPU.ActiveCfg = Debug|Any CPU
		{6A3E33FB-9D75-42CD-8E6D-C3F57568E66E}.Debug|Any CPU.Build.0 = Debug|Any CPU
		{6A3E33FB-9D75-42CD-8E6D-C3F57568E66E}.Release|Any CPU.ActiveCfg = Release|Any CPU
		{6A3E33FB-9D75-42CD-8E6D-C3F57568E66E}.Release|Any CPU.Build.0 = Release|Any CPU
	EndGlobalSection
	GlobalSection(SolutionProperties) = preSolution
		HideSolutionNode = FALSE
	EndGlobalSection
	GlobalSection(ExtensibilityGlobals) = postSolution
		SolutionGuid = {29ADE5B1-7BA7-40A1-929C-D0E66C6D8969}
	EndGlobalSection
EndGlobal
