
Microsoft Visual Studio Solution File, Format Version 12.00
# Visual Studio 15
VisualStudioVersion = 15.0.27004.2010
MinimumVisualStudioVersion = 10.0.40219.1
Project("{FAE04EC0-301F-11D3-BF4B-00C04F79EFBC}") = "01-SchoolClasses", "01-SchoolClasses\01-SchoolClasses.csproj", "{64F526CC-7489-4BC2-ABBA-265A46C6F90C}"
EndProject
Project("{FAE04EC0-301F-11D3-BF4B-00C04F79EFBC}") = "02-StudentsAndWorkers", "02-StudentsAndWorkers\02-StudentsAndWorkers.csproj", "{F402BBD4-9C24-4B53-B026-D3ADCA629546}"
EndProject
Project("{FAE04EC0-301F-11D3-BF4B-00C04F79EFBC}") = "03-AnimalHierarchy", "03-AnimalHierarchy\03-AnimalHierarchy.csproj", "{2CEA1DDC-3034-40BB-8238-F0B5D80A901B}"
EndProject
Global
	GlobalSection(SolutionConfigurationPlatforms) = preSolution
		Debug|Any CPU = Debug|Any CPU
		Release|Any CPU = Release|Any CPU
	EndGlobalSection
	GlobalSection(ProjectConfigurationPlatforms) = postSolution
		{64F526CC-7489-4BC2-ABBA-265A46C6F90C}.Debug|Any CPU.ActiveCfg = Debug|Any CPU
		{64F526CC-7489-4BC2-ABBA-265A46C6F90C}.Debug|Any CPU.Build.0 = Debug|Any CPU
		{64F526CC-7489-4BC2-ABBA-265A46C6F90C}.Release|Any CPU.ActiveCfg = Release|Any CPU
		{64F526CC-7489-4BC2-ABBA-265A46C6F90C}.Release|Any CPU.Build.0 = Release|Any CPU
		{F402BBD4-9C24-4B53-B026-D3ADCA629546}.Debug|Any CPU.ActiveCfg = Debug|Any CPU
		{F402BBD4-9C24-4B53-B026-D3ADCA629546}.Debug|Any CPU.Build.0 = Debug|Any CPU
		{F402BBD4-9C24-4B53-B026-D3ADCA629546}.Release|Any CPU.ActiveCfg = Release|Any CPU
		{F402BBD4-9C24-4B53-B026-D3ADCA629546}.Release|Any CPU.Build.0 = Release|Any CPU
		{2CEA1DDC-3034-40BB-8238-F0B5D80A901B}.Debug|Any CPU.ActiveCfg = Debug|Any CPU
		{2CEA1DDC-3034-40BB-8238-F0B5D80A901B}.Debug|Any CPU.Build.0 = Debug|Any CPU
		{2CEA1DDC-3034-40BB-8238-F0B5D80A901B}.Release|Any CPU.ActiveCfg = Release|Any CPU
		{2CEA1DDC-3034-40BB-8238-F0B5D80A901B}.Release|Any CPU.Build.0 = Release|Any CPU
	EndGlobalSection
	GlobalSection(SolutionProperties) = preSolution
		HideSolutionNode = FALSE
	EndGlobalSection
	GlobalSection(ExtensibilityGlobals) = postSolution
		SolutionGuid = {540D2209-52A4-4605-B688-BCDD59EBAE05}
	EndGlobalSection
EndGlobal
