
Microsoft Visual Studio Solution File, Format Version 12.00
# Visual Studio 15
VisualStudioVersion = 15.0.27004.2009
MinimumVisualStudioVersion = 10.0.40219.1
Project("{FAE04EC0-301F-11D3-BF4B-00C04F79EFBC}") = "01-Messages", "01-Messages\01-Messages.csproj", "{6DDE6CD4-ED69-4300-A18E-581F4BCF5F01}"
EndProject
Project("{FAE04EC0-301F-11D3-BF4B-00C04F79EFBC}") = "02-DancingMoves", "02-DancingMoves\02-DancingMoves.csproj", "{C4CC3949-A1E4-4F10-8B4F-E51B334A496E}"
EndProject
Project("{FAE04EC0-301F-11D3-BF4B-00C04F79EFBC}") = "03-HarryPotter", "03-HarryPotter\03-HarryPotter.csproj", "{74B529B8-C13E-49ED-9D48-91D26C0E9795}"
EndProject
Global
	GlobalSection(SolutionConfigurationPlatforms) = preSolution
		Debug|Any CPU = Debug|Any CPU
		Release|Any CPU = Release|Any CPU
	EndGlobalSection
	GlobalSection(ProjectConfigurationPlatforms) = postSolution
		{6DDE6CD4-ED69-4300-A18E-581F4BCF5F01}.Debug|Any CPU.ActiveCfg = Debug|Any CPU
		{6DDE6CD4-ED69-4300-A18E-581F4BCF5F01}.Debug|Any CPU.Build.0 = Debug|Any CPU
		{6DDE6CD4-ED69-4300-A18E-581F4BCF5F01}.Release|Any CPU.ActiveCfg = Release|Any CPU
		{6DDE6CD4-ED69-4300-A18E-581F4BCF5F01}.Release|Any CPU.Build.0 = Release|Any CPU
		{C4CC3949-A1E4-4F10-8B4F-E51B334A496E}.Debug|Any CPU.ActiveCfg = Debug|Any CPU
		{C4CC3949-A1E4-4F10-8B4F-E51B334A496E}.Debug|Any CPU.Build.0 = Debug|Any CPU
		{C4CC3949-A1E4-4F10-8B4F-E51B334A496E}.Release|Any CPU.ActiveCfg = Release|Any CPU
		{C4CC3949-A1E4-4F10-8B4F-E51B334A496E}.Release|Any CPU.Build.0 = Release|Any CPU
		{74B529B8-C13E-49ED-9D48-91D26C0E9795}.Debug|Any CPU.ActiveCfg = Debug|Any CPU
		{74B529B8-C13E-49ED-9D48-91D26C0E9795}.Debug|Any CPU.Build.0 = Debug|Any CPU
		{74B529B8-C13E-49ED-9D48-91D26C0E9795}.Release|Any CPU.ActiveCfg = Release|Any CPU
		{74B529B8-C13E-49ED-9D48-91D26C0E9795}.Release|Any CPU.Build.0 = Release|Any CPU
	EndGlobalSection
	GlobalSection(SolutionProperties) = preSolution
		HideSolutionNode = FALSE
	EndGlobalSection
	GlobalSection(ExtensibilityGlobals) = postSolution
		SolutionGuid = {2D7FB040-4812-46FE-8EA8-15D5A99F3CE1}
	EndGlobalSection
EndGlobal
